
Microsoft Visual Studio Solution File, Format Version 11.00
# Visual C# Express 2010
Project("{FAE04EC0-301F-11D3-BF4B-00C04F79EFBC}") = "WpfGoogleMapClient", "WpfGoogleMapClient.csproj", "{EFC845D1-5D39-4C2F-AB48-82AF63EE0F8D}"
EndProject
Project("{FAE04EC0-301F-11D3-BF4B-00C04F79EFBC}") = "Microsoft.Kinect.Toolkit", "..\Microsoft.Kinect.Toolkit\Microsoft.Kinect.Toolkit.csproj", "{C6F9C31B-6130-4443-A5CC-EF0664552ECD}"
EndProject
Project("{FAE04EC0-301F-11D3-BF4B-00C04F79EFBC}") = "Microsoft.Kinect.Toolkit.FaceTracking", "..\Microsoft.Kinect.Toolkit.FaceTracking\Microsoft.Kinect.Toolkit.FaceTracking.csproj", "{1BCF9CEE-DF01-430E-B49D-41A9A88963EB}"
EndProject
Global
	GlobalSection(SolutionConfigurationPlatforms) = preSolution
		Debug|Any CPU = Debug|Any CPU
		Debug|Mixed Platforms = Debug|Mixed Platforms
		Debug|Win32 = Debug|Win32
		Debug|x64 = Debug|x64
		Debug|x86 = Debug|x86
		Release|Any CPU = Release|Any CPU
		Release|Mixed Platforms = Release|Mixed Platforms
		Release|Win32 = Release|Win32
		Release|x64 = Release|x64
		Release|x86 = Release|x86
	EndGlobalSection
	GlobalSection(ProjectConfigurationPlatforms) = postSolution
		{EFC845D1-5D39-4C2F-AB48-82AF63EE0F8D}.Debug|Any CPU.ActiveCfg = Debug|Any CPU
		{EFC845D1-5D39-4C2F-AB48-82AF63EE0F8D}.Debug|Any CPU.Build.0 = Debug|Any CPU
		{EFC845D1-5D39-4C2F-AB48-82AF63EE0F8D}.Debug|Mixed Platforms.ActiveCfg = Debug|Any CPU
		{EFC845D1-5D39-4C2F-AB48-82AF63EE0F8D}.Debug|Mixed Platforms.Build.0 = Debug|Any CPU
		{EFC845D1-5D39-4C2F-AB48-82AF63EE0F8D}.Debug|Win32.ActiveCfg = Debug|Any CPU
		{EFC845D1-5D39-4C2F-AB48-82AF63EE0F8D}.Debug|x64.ActiveCfg = Debug|Any CPU
		{EFC845D1-5D39-4C2F-AB48-82AF63EE0F8D}.Debug|x86.ActiveCfg = Debug|x86
		{EFC845D1-5D39-4C2F-AB48-82AF63EE0F8D}.Debug|x86.Build.0 = Debug|x86
		{EFC845D1-5D39-4C2F-AB48-82AF63EE0F8D}.Release|Any CPU.ActiveCfg = Release|Any CPU
		{EFC845D1-5D39-4C2F-AB48-82AF63EE0F8D}.Release|Any CPU.Build.0 = Release|Any CPU
		{EFC845D1-5D39-4C2F-AB48-82AF63EE0F8D}.Release|Mixed Platforms.ActiveCfg = Release|Any CPU
		{EFC845D1-5D39-4C2F-AB48-82AF63EE0F8D}.Release|Mixed Platforms.Build.0 = Release|Any CPU
		{EFC845D1-5D39-4C2F-AB48-82AF63EE0F8D}.Release|Win32.ActiveCfg = Release|Any CPU
		{EFC845D1-5D39-4C2F-AB48-82AF63EE0F8D}.Release|x64.ActiveCfg = Release|Any CPU
		{EFC845D1-5D39-4C2F-AB48-82AF63EE0F8D}.Release|x86.ActiveCfg = Release|x86
		{EFC845D1-5D39-4C2F-AB48-82AF63EE0F8D}.Release|x86.Build.0 = Release|x86
		{C6F9C31B-6130-4443-A5CC-EF0664552ECD}.Debug|Any CPU.ActiveCfg = Debug|Any CPU
		{C6F9C31B-6130-4443-A5CC-EF0664552ECD}.Debug|Any CPU.Build.0 = Debug|Any CPU
		{C6F9C31B-6130-4443-A5CC-EF0664552ECD}.Debug|Mixed Platforms.ActiveCfg = Debug|Any CPU
		{C6F9C31B-6130-4443-A5CC-EF0664552ECD}.Debug|Mixed Platforms.Build.0 = Debug|Any CPU
		{C6F9C31B-6130-4443-A5CC-EF0664552ECD}.Debug|Win32.ActiveCfg = Debug|Any CPU
		{C6F9C31B-6130-4443-A5CC-EF0664552ECD}.Debug|x64.ActiveCfg = Debug|Any CPU
		{C6F9C31B-6130-4443-A5CC-EF0664552ECD}.Debug|x86.ActiveCfg = Debug|x86
		{C6F9C31B-6130-4443-A5CC-EF0664552ECD}.Debug|x86.Build.0 = Debug|x86
		{C6F9C31B-6130-4443-A5CC-EF0664552ECD}.Release|Any CPU.ActiveCfg = Release|Any CPU
		{C6F9C31B-6130-4443-A5CC-EF0664552ECD}.Release|Any CPU.Build.0 = Release|Any CPU
		{C6F9C31B-6130-4443-A5CC-EF0664552ECD}.Release|Mixed Platforms.ActiveCfg = Release|Any CPU
		{C6F9C31B-6130-4443-A5CC-EF0664552ECD}.Release|Mixed Platforms.Build.0 = Release|Any CPU
		{C6F9C31B-6130-4443-A5CC-EF0664552ECD}.Release|Win32.ActiveCfg = Release|Any CPU
		{C6F9C31B-6130-4443-A5CC-EF0664552ECD}.Release|x64.ActiveCfg = Release|Any CPU
		{C6F9C31B-6130-4443-A5CC-EF0664552ECD}.Release|x86.ActiveCfg = Release|x86
		{C6F9C31B-6130-4443-A5CC-EF0664552ECD}.Release|x86.Build.0 = Release|x86
		{1BCF9CEE-DF01-430E-B49D-41A9A88963EB}.Debug|Any CPU.ActiveCfg = Debug|x64
		{1BCF9CEE-DF01-430E-B49D-41A9A88963EB}.Debug|Mixed Platforms.ActiveCfg = Debug|Win32
		{1BCF9CEE-DF01-430E-B49D-41A9A88963EB}.Debug|Mixed Platforms.Build.0 = Debug|Win32
		{1BCF9CEE-DF01-430E-B49D-41A9A88963EB}.Debug|Win32.ActiveCfg = Debug|Win32
		{1BCF9CEE-DF01-430E-B49D-41A9A88963EB}.Debug|Win32.Build.0 = Debug|Win32
		{1BCF9CEE-DF01-430E-B49D-41A9A88963EB}.Debug|x64.ActiveCfg = Debug|x64
		{1BCF9CEE-DF01-430E-B49D-41A9A88963EB}.Debug|x64.Build.0 = Debug|x64
		{1BCF9CEE-DF01-430E-B49D-41A9A88963EB}.Debug|x86.ActiveCfg = Debug|x86
		{1BCF9CEE-DF01-430E-B49D-41A9A88963EB}.Debug|x86.Build.0 = Debug|x86
		{1BCF9CEE-DF01-430E-B49D-41A9A88963EB}.Release|Any CPU.ActiveCfg = Release|x64
		{1BCF9CEE-DF01-430E-B49D-41A9A88963EB}.Release|Mixed Platforms.ActiveCfg = Release|Win32
		{1BCF9CEE-DF01-430E-B49D-41A9A88963EB}.Release|Mixed Platforms.Build.0 = Release|Win32
		{1BCF9CEE-DF01-430E-B49D-41A9A88963EB}.Release|Win32.ActiveCfg = Release|Win32
		{1BCF9CEE-DF01-430E-B49D-41A9A88963EB}.Release|Win32.Build.0 = Release|Win32
		{1BCF9CEE-DF01-430E-B49D-41A9A88963EB}.Release|x64.ActiveCfg = Release|x64
		{1BCF9CEE-DF01-430E-B49D-41A9A88963EB}.Release|x64.Build.0 = Release|x64
		{1BCF9CEE-DF01-430E-B49D-41A9A88963EB}.Release|x86.ActiveCfg = Release|x86
		{1BCF9CEE-DF01-430E-B49D-41A9A88963EB}.Release|x86.Build.0 = Release|x86
	EndGlobalSection
	GlobalSection(SolutionProperties) = preSolution
		HideSolutionNode = FALSE
	EndGlobalSection
EndGlobal
